
Microsoft Visual Studio Solution File, Format Version 11.00
# Visual Studio 2010
Project("{FAE04EC0-301F-11D3-BF4B-00C04F79EFBC}") = "fps.Gameplay", "fps.Gameplay.csproj", "{6505ded9-0a8d-5bcb-c4c3-83226919ad4d}"
EndProject
Project("{FAE04EC0-301F-11D3-BF4B-00C04F79EFBC}") = "fps.UI", "fps.UI.csproj", "{e4f5394a-7aed-5f14-15d3-3b62eea7c1aa}"
EndProject
Project("{FAE04EC0-301F-11D3-BF4B-00C04F79EFBC}") = "fps.Game", "fps.Game.csproj", "{519c2a1e-d56c-db82-921a-79e0b98169a2}"
EndProject
Project("{FAE04EC0-301F-11D3-BF4B-00C04F79EFBC}") = "fps.AI", "fps.AI.csproj", "{33c801a5-38ff-5585-887d-4a04e479384a}"
EndProject
Project("{FAE04EC0-301F-11D3-BF4B-00C04F79EFBC}") = "Unity.FPS.Tutorials", "Unity.FPS.Tutorials.csproj", "{9a577fbd-0080-f9a4-c702-7e17039ce7c2}"
EndProject
Project("{FAE04EC0-301F-11D3-BF4B-00C04F79EFBC}") = "NavMeshComponents", "NavMeshComponents.csproj", "{bcccee2b-b2ce-047c-f285-7a4713d674fe}"
EndProject
Project("{FAE04EC0-301F-11D3-BF4B-00C04F79EFBC}") = "Assembly-CSharp", "Assembly-CSharp.csproj", "{e7c196f0-d5b0-d365-8977-89523b5ae011}"
EndProject
Project("{FAE04EC0-301F-11D3-BF4B-00C04F79EFBC}") = "NavMeshComponentsEditor", "NavMeshComponentsEditor.csproj", "{d1b65d66-a47f-5a1b-acef-1fc64f3a3f6f}"
EndProject
Project("{FAE04EC0-301F-11D3-BF4B-00C04F79EFBC}") = "Unity.Microgame.Tutorials", "Unity.Microgame.Tutorials.csproj", "{74bf7649-92a9-cf1d-2bc9-327194b30dfc}"
EndProject
Project("{FAE04EC0-301F-11D3-BF4B-00C04F79EFBC}") = "fps.Editor", "fps.Editor.csproj", "{66f91775-83f6-84b6-1677-0b0b9a4aae09}"
EndProject
Global
	GlobalSection(SolutionConfigurationPlatforms) = preSolution
		Debug|Any CPU = Debug|Any CPU
	EndGlobalSection
	GlobalSection(ProjectConfigurationPlatforms) = postSolution
		{6505ded9-0a8d-5bcb-c4c3-83226919ad4d}.Debug|Any CPU.ActiveCfg = Debug|Any CPU
		{6505ded9-0a8d-5bcb-c4c3-83226919ad4d}.Debug|Any CPU.Build.0 = Debug|Any CPU
		{e4f5394a-7aed-5f14-15d3-3b62eea7c1aa}.Debug|Any CPU.ActiveCfg = Debug|Any CPU
		{e4f5394a-7aed-5f14-15d3-3b62eea7c1aa}.Debug|Any CPU.Build.0 = Debug|Any CPU
		{519c2a1e-d56c-db82-921a-79e0b98169a2}.Debug|Any CPU.ActiveCfg = Debug|Any CPU
		{519c2a1e-d56c-db82-921a-79e0b98169a2}.Debug|Any CPU.Build.0 = Debug|Any CPU
		{33c801a5-38ff-5585-887d-4a04e479384a}.Debug|Any CPU.ActiveCfg = Debug|Any CPU
		{33c801a5-38ff-5585-887d-4a04e479384a}.Debug|Any CPU.Build.0 = Debug|Any CPU
		{9a577fbd-0080-f9a4-c702-7e17039ce7c2}.Debug|Any CPU.ActiveCfg = Debug|Any CPU
		{9a577fbd-0080-f9a4-c702-7e17039ce7c2}.Debug|Any CPU.Build.0 = Debug|Any CPU
		{bcccee2b-b2ce-047c-f285-7a4713d674fe}.Debug|Any CPU.ActiveCfg = Debug|Any CPU
		{bcccee2b-b2ce-047c-f285-7a4713d674fe}.Debug|Any CPU.Build.0 = Debug|Any CPU
		{e7c196f0-d5b0-d365-8977-89523b5ae011}.Debug|Any CPU.ActiveCfg = Debug|Any CPU
		{e7c196f0-d5b0-d365-8977-89523b5ae011}.Debug|Any CPU.Build.0 = Debug|Any CPU
		{d1b65d66-a47f-5a1b-acef-1fc64f3a3f6f}.Debug|Any CPU.ActiveCfg = Debug|Any CPU
		{d1b65d66-a47f-5a1b-acef-1fc64f3a3f6f}.Debug|Any CPU.Build.0 = Debug|Any CPU
		{74bf7649-92a9-cf1d-2bc9-327194b30dfc}.Debug|Any CPU.ActiveCfg = Debug|Any CPU
		{74bf7649-92a9-cf1d-2bc9-327194b30dfc}.Debug|Any CPU.Build.0 = Debug|Any CPU
		{66f91775-83f6-84b6-1677-0b0b9a4aae09}.Debug|Any CPU.ActiveCfg = Debug|Any CPU
		{66f91775-83f6-84b6-1677-0b0b9a4aae09}.Debug|Any CPU.Build.0 = Debug|Any CPU
	EndGlobalSection
	GlobalSection(SolutionProperties) = preSolution
		HideSolutionNode = FALSE
	EndGlobalSection
EndGlobal
