
Microsoft Visual Studio Solution File, Format Version 11.00
# Visual Studio 2010
Project("{FAE04EC0-301F-11D3-BF4B-00C04F79EFBC}") = "fps.Gameplay", "fps.Gameplay.csproj", "{59fcb9e6-8558-0adc-78d5-1439d67783da}"
EndProject
Project("{FAE04EC0-301F-11D3-BF4B-00C04F79EFBC}") = "fps.UI", "fps.UI.csproj", "{215c49d1-b3ac-d0be-6474-4e8cebf45ffe}"
EndProject
Project("{FAE04EC0-301F-11D3-BF4B-00C04F79EFBC}") = "fps.Game", "fps.Game.csproj", "{5b94cf55-8342-a7e0-f581-79dbb7623e91}"
EndProject
Project("{FAE04EC0-301F-11D3-BF4B-00C04F79EFBC}") = "fps.AI", "fps.AI.csproj", "{c7df11e5-4bd7-a7b5-700b-5220699d9c82}"
EndProject
Project("{FAE04EC0-301F-11D3-BF4B-00C04F79EFBC}") = "Unity.FPS.Tutorials", "Unity.FPS.Tutorials.csproj", "{2f3adc1c-34b8-8d29-238e-3b6ac51672b5}"
EndProject
Project("{FAE04EC0-301F-11D3-BF4B-00C04F79EFBC}") = "NavMeshComponents", "NavMeshComponents.csproj", "{c08262ba-d632-034f-2209-d4fb09d86578}"
EndProject
Project("{FAE04EC0-301F-11D3-BF4B-00C04F79EFBC}") = "Assembly-CSharp", "Assembly-CSharp.csproj", "{7cf1d252-6e9f-3a14-c92e-2b91faee0fbb}"
EndProject
Project("{FAE04EC0-301F-11D3-BF4B-00C04F79EFBC}") = "NavMeshComponentsEditor", "NavMeshComponentsEditor.csproj", "{2b844798-4437-6a5c-e47c-c8a95445a98d}"
EndProject
Project("{FAE04EC0-301F-11D3-BF4B-00C04F79EFBC}") = "Unity.Microgame.Tutorials", "Unity.Microgame.Tutorials.csproj", "{ed7601cd-84f4-61e6-5dff-fc9a976bb11b}"
EndProject
Project("{FAE04EC0-301F-11D3-BF4B-00C04F79EFBC}") = "fps.Editor", "fps.Editor.csproj", "{dae838ec-87c9-fa10-ca09-83ebe4fc0359}"
EndProject
Global
	GlobalSection(SolutionConfigurationPlatforms) = preSolution
		Debug|Any CPU = Debug|Any CPU
	EndGlobalSection
	GlobalSection(ProjectConfigurationPlatforms) = postSolution
		{59fcb9e6-8558-0adc-78d5-1439d67783da}.Debug|Any CPU.ActiveCfg = Debug|Any CPU
		{59fcb9e6-8558-0adc-78d5-1439d67783da}.Debug|Any CPU.Build.0 = Debug|Any CPU
		{215c49d1-b3ac-d0be-6474-4e8cebf45ffe}.Debug|Any CPU.ActiveCfg = Debug|Any CPU
		{215c49d1-b3ac-d0be-6474-4e8cebf45ffe}.Debug|Any CPU.Build.0 = Debug|Any CPU
		{5b94cf55-8342-a7e0-f581-79dbb7623e91}.Debug|Any CPU.ActiveCfg = Debug|Any CPU
		{5b94cf55-8342-a7e0-f581-79dbb7623e91}.Debug|Any CPU.Build.0 = Debug|Any CPU
		{c7df11e5-4bd7-a7b5-700b-5220699d9c82}.Debug|Any CPU.ActiveCfg = Debug|Any CPU
		{c7df11e5-4bd7-a7b5-700b-5220699d9c82}.Debug|Any CPU.Build.0 = Debug|Any CPU
		{2f3adc1c-34b8-8d29-238e-3b6ac51672b5}.Debug|Any CPU.ActiveCfg = Debug|Any CPU
		{2f3adc1c-34b8-8d29-238e-3b6ac51672b5}.Debug|Any CPU.Build.0 = Debug|Any CPU
		{c08262ba-d632-034f-2209-d4fb09d86578}.Debug|Any CPU.ActiveCfg = Debug|Any CPU
		{c08262ba-d632-034f-2209-d4fb09d86578}.Debug|Any CPU.Build.0 = Debug|Any CPU
		{7cf1d252-6e9f-3a14-c92e-2b91faee0fbb}.Debug|Any CPU.ActiveCfg = Debug|Any CPU
		{7cf1d252-6e9f-3a14-c92e-2b91faee0fbb}.Debug|Any CPU.Build.0 = Debug|Any CPU
		{2b844798-4437-6a5c-e47c-c8a95445a98d}.Debug|Any CPU.ActiveCfg = Debug|Any CPU
		{2b844798-4437-6a5c-e47c-c8a95445a98d}.Debug|Any CPU.Build.0 = Debug|Any CPU
		{ed7601cd-84f4-61e6-5dff-fc9a976bb11b}.Debug|Any CPU.ActiveCfg = Debug|Any CPU
		{ed7601cd-84f4-61e6-5dff-fc9a976bb11b}.Debug|Any CPU.Build.0 = Debug|Any CPU
		{dae838ec-87c9-fa10-ca09-83ebe4fc0359}.Debug|Any CPU.ActiveCfg = Debug|Any CPU
		{dae838ec-87c9-fa10-ca09-83ebe4fc0359}.Debug|Any CPU.Build.0 = Debug|Any CPU
	EndGlobalSection
	GlobalSection(SolutionProperties) = preSolution
		HideSolutionNode = FALSE
	EndGlobalSection
EndGlobal
